GIT
  remote: https://github.com/lostisland/faraday.git
  revision: cc5d60776645d3d341ff0f425c45b3b3d48d98e0
  branch: main
  specs:
    faraday (2.9.0)
      faraday-net_http (>= 2.0, < 3.2)

GEM
  remote: https://rubygems.org/
  specs:
    faraday-net_http (3.0.2)
    multi_json (1.15.0)
    rack (3.2.6)

PLATFORMS
  arm64-darwin
  ruby
  x86_64-linux

DEPENDENCIES
  faraday!
  multi_json (~> 1.15)
  rack (~> 3.0)

RUBY VERSION
   ruby 3.2.0p0

BUNDLED WITH
   2.7.2
